{
  "name": "noelle",
  "version": "1.0.0",
  "lockfileVersion": 2,
  "requires": true,
  "packages": {
    "": {
      "name": "noelle",
      "version": "1.0.0",
      "license": "ISC",
      "dependencies": {
        "detritus-client": "^0.17.0-beta.16"
      }
    },
    "node_modules/detritus-client": {
      "version": "0.17.0-beta.16",
      "resolved": "https://registry.npmjs.org/detritus-client/-/detritus-client-0.17.0-beta.16.tgz",
      "integrity": "sha512-X3ILo2scfelvkSRw/lmhlNuMjhLPs07tvmiV16y0DCatMY42f156y9jfWbbKpHkwFajtmXbN01EiBqJotK5HXw==",
      "dependencies": {
        "detritus-client-rest": "^0.11.0-beta.4",
        "detritus-client-socket": "^0.8.4-beta.2",
        "detritus-utils": "^0.4.0"
      },
      "peerDependencies": {
        "@discordjs/opus": "^0.7.0",
        "node-opus": "^0.3.3",
        "opusscript": "^0.0.8"
      },
      "peerDependenciesMeta": {
        "@discordjs/opus": {
          "optional": true
        },
        "node-opus": {
          "optional": true
        },
        "opusscript": {
          "optional": true
        }
      }
    },
    "node_modules/detritus-client-rest": {
      "version": "0.11.0-beta.4",
      "resolved": "https://registry.npmjs.org/detritus-client-rest/-/detritus-client-rest-0.11.0-beta.4.tgz",
      "integrity": "sha512-r6hpd8+5WNZmMM9PS1I8AUbEx7HHDVP73djrLE7QoetbHpA3aDbgZNuRTtY4NO6SCaOpGV8jV2q3SaLR+B39lQ==",
      "dependencies": {
        "detritus-rest": "^0.9.0-beta.5",
        "detritus-utils": "^0.4.0"
      }
    },
    "node_modules/detritus-client-socket": {
      "version": "0.8.4-beta.2",
      "resolved": "https://registry.npmjs.org/detritus-client-socket/-/detritus-client-socket-0.8.4-beta.2.tgz",
      "integrity": "sha512-xZ3bSOELefSG/DQhJhpvSCLHAEWiwEVi6Bli2G3tsbX6Q4nGKePQDswISvJ1tnIHjY4bwzoPrFNP7YmS3C5Mkw==",
      "dependencies": {
        "detritus-utils": "^0.4.0",
        "ws": "^8.5.0"
      },
      "peerDependencies": {
        "erlpack": "^0.1.4",
        "libsodium-wrappers": "^0.7.10",
        "sodium": "^3.0.2",
        "tweetnacl": "^1.0.3",
        "uws": "10.148.1"
      },
      "peerDependenciesMeta": {
        "erlpack": {
          "optional": true
        },
        "libsodium-wrappers": {
          "optional": true
        },
        "sodium": {
          "optional": true
        },
        "tweetnacl": {
          "optional": true
        },
        "uws": {
          "optional": true
        }
      }
    },
    "node_modules/detritus-rest": {
      "version": "0.9.0-beta.5",
      "resolved": "https://registry.npmjs.org/detritus-rest/-/detritus-rest-0.9.0-beta.5.tgz",
      "integrity": "sha512-I7d5iWQNW+WGQp5CXhWiGJ/Fdd3cQRI+bilnvzB/GwbY4Qu+6D0HehqnhZS27hFOmQOCRCKxAud6Ax9mBBFxVQ==",
      "dependencies": {
        "detritus-utils": "^0.4.0",
        "undici": "^5.2.0"
      }
    },
    "node_modules/detritus-utils": {
      "version": "0.4.0",
      "resolved": "https://registry.npmjs.org/detritus-utils/-/detritus-utils-0.4.0.tgz",
      "integrity": "sha512-XO9crk1eCOecajzOg4WMsvcgXV/3GAltV0nt+kXXmglwcKyh/5DpQ7jmQ/2HycEN0dGBdgLCLPzYMxrWPN9gpw==",
      "peerDependencies": {
        "eventemitter3": "^4.0.7"
      },
      "peerDependenciesMeta": {
        "eventemitter3": {
          "optional": true
        }
      }
    },
    "node_modules/undici": {
      "version": "5.5.1",
      "resolved": "https://registry.npmjs.org/undici/-/undici-5.5.1.tgz",
      "integrity": "sha512-MEvryPLf18HvlCbLSzCW0U00IMftKGI5udnjrQbC5D4P0Hodwffhv+iGfWuJwg16Y/TK11ZFK8i+BPVW2z/eAw==",
      "engines": {
        "node": ">=12.18"
      }
    },
    "node_modules/ws": {
      "version": "8.8.0",
      "resolved": "https://registry.npmjs.org/ws/-/ws-8.8.0.tgz",
      "integrity": "sha512-JDAgSYQ1ksuwqfChJusw1LSJ8BizJ2e/vVu5Lxjq3YvNJNlROv1ui4i+c/kUUrPheBvQl4c5UbERhTwKa6QBJQ==",
      "engines": {
        "node": ">=10.0.0"
      },
      "peerDependencies": {
        "bufferutil": "^4.0.1",
        "utf-8-validate": "^5.0.2"
      },
      "peerDependenciesMeta": {
        "bufferutil": {
          "optional": true
        },
        "utf-8-validate": {
          "optional": true
        }
      }
    }
  },
  "dependencies": {
    "detritus-client": {
      "version": "0.17.0-beta.16",
      "resolved": "https://registry.npmjs.org/detritus-client/-/detritus-client-0.17.0-beta.16.tgz",
      "integrity": "sha512-X3ILo2scfelvkSRw/lmhlNuMjhLPs07tvmiV16y0DCatMY42f156y9jfWbbKpHkwFajtmXbN01EiBqJotK5HXw==",
      "requires": {
        "detritus-client-rest": "^0.11.0-beta.4",
        "detritus-client-socket": "^0.8.4-beta.2",
        "detritus-utils": "^0.4.0"
      }
    },
    "detritus-client-rest": {
      "version": "0.11.0-beta.4",
      "resolved": "https://registry.npmjs.org/detritus-client-rest/-/detritus-client-rest-0.11.0-beta.4.tgz",
      "integrity": "sha512-r6hpd8+5WNZmMM9PS1I8AUbEx7HHDVP73djrLE7QoetbHpA3aDbgZNuRTtY4NO6SCaOpGV8jV2q3SaLR+B39lQ==",
      "requires": {
        "detritus-rest": "^0.9.0-beta.5",
        "detritus-utils": "^0.4.0"
      }
    },
    "detritus-client-socket": {
      "version": "0.8.4-beta.2",
      "resolved": "https://registry.npmjs.org/detritus-client-socket/-/detritus-client-socket-0.8.4-beta.2.tgz",
      "integrity": "sha512-xZ3bSOELefSG/DQhJhpvSCLHAEWiwEVi6Bli2G3tsbX6Q4nGKePQDswISvJ1tnIHjY4bwzoPrFNP7YmS3C5Mkw==",
      "requires": {
        "detritus-utils": "^0.4.0",
        "ws": "^8.5.0"
      }
    },
    "detritus-rest": {
      "version": "0.9.0-beta.5",
      "resolved": "https://registry.npmjs.org/detritus-rest/-/detritus-rest-0.9.0-beta.5.tgz",
      "integrity": "sha512-I7d5iWQNW+WGQp5CXhWiGJ/Fdd3cQRI+bilnvzB/GwbY4Qu+6D0HehqnhZS27hFOmQOCRCKxAud6Ax9mBBFxVQ==",
      "requires": {
        "detritus-utils": "^0.4.0",
        "undici": "^5.2.0"
      }
    },
    "detritus-utils": {
      "version": "0.4.0",
      "resolved": "https://registry.npmjs.org/detritus-utils/-/detritus-utils-0.4.0.tgz",
      "integrity": "sha512-XO9crk1eCOecajzOg4WMsvcgXV/3GAltV0nt+kXXmglwcKyh/5DpQ7jmQ/2HycEN0dGBdgLCLPzYMxrWPN9gpw==",
      "requires": {}
    },
    "undici": {
      "version": "5.5.1",
      "resolved": "https://registry.npmjs.org/undici/-/undici-5.5.1.tgz",
      "integrity": "sha512-MEvryPLf18HvlCbLSzCW0U00IMftKGI5udnjrQbC5D4P0Hodwffhv+iGfWuJwg16Y/TK11ZFK8i+BPVW2z/eAw=="
    },
    "ws": {
      "version": "8.8.0",
      "resolved": "https://registry.npmjs.org/ws/-/ws-8.8.0.tgz",
      "integrity": "sha512-JDAgSYQ1ksuwqfChJusw1LSJ8BizJ2e/vVu5Lxjq3YvNJNlROv1ui4i+c/kUUrPheBvQl4c5UbERhTwKa6QBJQ==",
      "requires": {}
    }
  }
}
